// !$*UTF8*$!
{
	archiveVersion = 1;
	classes = {
	};
	objectVersion = 46;
	objects = {

/* Begin PBXBuildFile section */
		385F10C694A88D200BBD4FE2 /* Main.storyboard in Resources */ = {isa = PBXBuildFile; fileRef = 385F1B88D21C9C32D8F75EFC /* Main.storyboard */; };
		385F142A5F10037B4526E27C /* ViewController.swift in Sources */ = {isa = PBXBuildFile; fileRef = 385F16A0977FBA665AF01437 /* ViewController.swift */; };
		385F165A1023B87DDE801DC0 /* AppDelegate.swift in Sources */ = {isa = PBXBuildFile; fileRef = 385F1396A7E54D4685AB912F /* AppDelegate.swift */; };
		385F1861D11DC0F9AC30487B /* Assets.xcassets in Resources */ = {isa = PBXBuildFile; fileRef = 385F1DAD2D792C83C8D1DC09 /* Assets.xcassets */; };
		385F19F4F262C784C571153D /* LaunchScreen.storyboard in Resources */ = {isa = PBXBuildFile; fileRef = 385F1C210610DE0E4C086FAD /* LaunchScreen.storyboard */; };
		385F1EFD2AFFC13893142A3A /* SceneDelegate.swift in Sources */ = {isa = PBXBuildFile; fileRef = 385F109392747D0F2860943E /* SceneDelegate.swift */; };
/* End PBXBuildFile section */

/* Begin PBXFileReference section */
		385F109392747D0F2860943E /* SceneDelegate.swift */ = {isa = PBXFileReference; lastKnownFileType = sourcecode.swift; path = SceneDelegate.swift; sourceTree = "<group>"; };
		385F1396A7E54D4685AB912F /* AppDelegate.swift */ = {isa = PBXFileReference; lastKnownFileType = sourcecode.swift; path = AppDelegate.swift; sourceTree = "<group>"; };
		385F15D748282D4C3B7CFC6A /* Info.plist */ = {isa = PBXFileReference; lastKnownFileType = text.plist.info; path = Info.plist; sourceTree = "<group>"; };
		385F16A0977FBA665AF01437 /* ViewController.swift */ = {isa = PBXFileReference; lastKnownFileType = sourcecode.swift; path = ViewController.swift; sourceTree = "<group>"; };
		385F1A43BAF30851E9202855 /* Base */ = {isa = PBXFileReference; lastKnownFileType = file.storyboard; name = Base; path = Base.lproj/Main.storyboard; sourceTree = "<group>"; };
		385F1DAD2D792C83C8D1DC09 /* Assets.xcassets */ = {isa = PBXFileReference; lastKnownFileType = folder.assetcatalog; path = Assets.xcassets; sourceTree = "<group>"; };
		385F1DB7FE01658247C1BFB0 /* App Code iOS Project.app */ = {isa = PBXFileReference; explicitFileType = wrapper.application; includeInIndex = 0; path = "App Code iOS Project.app"; sourceTree = BUILT_PRODUCTS_DIR; };
		385F1E041ABF62216EB79CF3 /* Base */ = {isa = PBXFileReference; lastKnownFileType = file.storyboard; name = Base; path = Base.lproj/LaunchScreen.storyboard; sourceTree = "<group>"; };
/* End PBXFileReference section */

/* Begin PBXFrameworksBuildPhase section */
		385F1EB59DA3269331C4BEC5 /* Frameworks */ = {
			isa = PBXFrameworksBuildPhase;
			buildActionMask = 2147483647;
			files = (
			);
			runOnlyForDeploymentPostprocessing = 0;
		};
/* End PBXFrameworksBuildPhase section */

/* Begin PBXGroup section */
		385F10E0CC30814C6BE5B617 /* Products */ = {
			isa = PBXGroup;
			children = (
				385F1DB7FE01658247C1BFB0 /* App Code iOS Project.app */,
			);
			name = Products;
			sourceTree = "<group>";
		};
		385F153BC805F3C4189A57B8 /* App Code iOS Project */ = {
			isa = PBXGroup;
			children = (
				385F15D748282D4C3B7CFC6A /* Info.plist */,
				385F1DAD2D792C83C8D1DC09 /* Assets.xcassets */,
				385F1C210610DE0E4C086FAD /* LaunchScreen.storyboard */,
				385F1396A7E54D4685AB912F /* AppDelegate.swift */,
				385F109392747D0F2860943E /* SceneDelegate.swift */,
				385F16A0977FBA665AF01437 /* ViewController.swift */,
				385F1B88D21C9C32D8F75EFC /* Main.storyboard */,
			);
			path = "App Code iOS Project";
			sourceTree = "<group>";
		};
		385F1CA9D5A740B539246A6F = {
			isa = PBXGroup;
			children = (
				385F10E0CC30814C6BE5B617 /* Products */,
				385F153BC805F3C4189A57B8 /* App Code iOS Project */,
			);
			sourceTree = "<group>";
		};
/* End PBXGroup section */

/* Begin PBXNativeTarget section */
		385F1440506FD4F4A172C455 /* App Code iOS Project */ = {
			isa = PBXNativeTarget;
			buildConfigurationList = 385F148AF8F0158A857D2CDF /* Build configuration list for PBXNativeTarget "App Code iOS Project" */;
			buildPhases = (
				385F18EB6CCAEEBB594E1125 /* Sources */,
				385F1EB59DA3269331C4BEC5 /* Frameworks */,
				385F19DCA4AB76240BD38ADB /* Resources */,
			);
			buildRules = (
			);
			dependencies = (
			);
			name = "App Code iOS Project";
			productName = "App Code iOS Project";
			productReference = 385F1DB7FE01658247C1BFB0 /* App Code iOS Project.app */;
			productType = "com.apple.product-type.application";
		};
/* End PBXNativeTarget section */

/* Begin PBXProject section */
		385F1880DC7D23339BB5A598 /* Project object */ = {
			isa = PBXProject;
			attributes = {
				ORGANIZATIONNAME = elyeproject;
			};
			buildConfigurationList = 385F10AA836B88EA4EAE30BD /* Build configuration list for PBXProject "App Code iOS Project" */;
			compatibilityVersion = "Xcode 3.2";
			developmentRegion = English;
			hasScannedForEncodings = 0;
			knownRegions = (
				English,
				en,
				Base,
			);
			mainGroup = 385F1CA9D5A740B539246A6F;
			productRefGroup = 385F10E0CC30814C6BE5B617 /* Products */;
			projectDirPath = "";
			projectRoot = "";
			targets = (
				385F1440506FD4F4A172C455 /* App Code iOS Project */,
			);
		};
/* End PBXProject section */

/* Begin PBXResourcesBuildPhase section */
		385F19DCA4AB76240BD38ADB /* Resources */ = {
			isa = PBXResourcesBuildPhase;
			buildActionMask = 2147483647;
			files = (
				385F1861D11DC0F9AC30487B /* Assets.xcassets in Resources */,
				385F19F4F262C784C571153D /* LaunchScreen.storyboard in Resources */,
				385F10C694A88D200BBD4FE2 /* Main.storyboard in Resources */,
			);
			runOnlyForDeploymentPostprocessing = 0;
		};
/* End PBXResourcesBuildPhase section */

/* Begin PBXSourcesBuildPhase section */
		385F18EB6CCAEEBB594E1125 /* Sources */ = {
			isa = PBXSourcesBuildPhase;
			buildActionMask = 2147483647;
			files = (
				385F165A1023B87DDE801DC0 /* AppDelegate.swift in Sources */,
				385F1EFD2AFFC13893142A3A /* SceneDelegate.swift in Sources */,
				385F142A5F10037B4526E27C /* ViewController.swift in Sources */,
			);
			runOnlyForDeploymentPostprocessing = 0;
		};
/* End PBXSourcesBuildPhase section */

/* Begin PBXVariantGroup section */
		385F1B88D21C9C32D8F75EFC /* Main.storyboard */ = {
			isa = PBXVariantGroup;
			children = (
				385F1A43BAF30851E9202855 /* Base */,
			);
			name = Main.storyboard;
			sourceTree = "<group>";
		};
		385F1C210610DE0E4C086FAD /* LaunchScreen.storyboard */ = {
			isa = PBXVariantGroup;
			children = (
				385F1E041ABF62216EB79CF3 /* Base */,
			);
			name = LaunchScreen.storyboard;
			sourceTree = "<group>";
		};
/* End PBXVariantGroup section */

/* Begin XCBuildConfiguration section */
		385F1711D7B0AD95F5FA8619 /* Release */ = {
			isa = XCBuildConfiguration;
			buildSettings = {
				ALWAYS_SEARCH_USER_PATHS = NO;
				CLANG_ANALYZER_NONNULL = YES;
				CLANG_ANALYZER_NUMBER_OBJECT_CONVERSION = YES_AGGRESSIVE;
				CLANG_CXX_LANGUAGE_STANDARD = "gnu++14";
				CLANG_CXX_LIBRARY = "libc++";
				CLANG_ENABLE_MODULES = YES;
				CLANG_ENABLE_OBJC_ARC = YES;
				CLANG_ENABLE_OBJC_WEAK = YES;
				CLANG_WARN_BLOCK_CAPTURE_AUTORELEASING = YES;
				CLANG_WARN_BOOL_CONVERSION = YES;
				CLANG_WARN_COMMA = YES;
				CLANG_WARN_CONSTANT_CONVERSION = YES;
				CLANG_WARN_DEPRECATED_OBJC_IMPLEMENTATIONS = YES;
				CLANG_WARN_DIRECT_OBJC_ISA_USAGE = YES_ERROR;
				CLANG_WARN_DOCUMENTATION_COMMENTS = YES;
				CLANG_WARN_EMPTY_BODY = YES;
				CLANG_WARN_ENUM_CONVERSION = YES;
				CLANG_WARN_INFINITE_RECURSION = YES;
				CLANG_WARN_INT_CONVERSION = YES;
				CLANG_WARN_NON_LITERAL_NULL_CONVERSION = YES;
				CLANG_WARN_OBJC_IMPLICIT_RETAIN_SELF = YES;
				CLANG_WARN_OBJC_LITERAL_CONVERSION = YES;
				CLANG_WARN_OBJC_ROOT_CLASS = YES_ERROR;
				CLANG_WARN_RANGE_LOOP_ANALYSIS = YES;
				CLANG_WARN_STRICT_PROTOTYPES = YES;
				CLANG_WARN_SUSPICIOUS_MOVE = YES;
				CLANG_WARN_UNGUARDED_AVAILABILITY = YES_AGGRESSIVE;
				CLANG_WARN_UNREACHABLE_CODE = YES;
				CLANG_WARN__DUPLICATE_METHOD_MATCH = YES;
				COPY_PHASE_STRIP = NO;
				DEBUG_INFORMATION_FORMAT = "dwarf-with-dsym";
				ENABLE_NS_ASSERTIONS = NO;
				ENABLE_STRICT_OBJC_MSGSEND = YES;
				GCC_C_LANGUAGE_STANDARD = gnu11;
				GCC_NO_COMMON_BLOCKS = YES;
				GCC_WARN_64_TO_32_BIT_CONVERSION = YES;
				GCC_WARN_ABOUT_RETURN_TYPE = YES_ERROR;
				GCC_WARN_UNDECLARED_SELECTOR = YES;
				GCC_WARN_UNINITIALIZED_AUTOS = YES_AGGRESSIVE;
				GCC_WARN_UNUSED_FUNCTION = YES;
				GCC_WARN_UNUSED_VARIABLE = YES;
				IPHONEOS_DEPLOYMENT_TARGET = 11.0;
				MTL_ENABLE_DEBUG_INFO = NO;
				MTL_FAST_MATH = YES;
				SDKROOT = iphoneos;
				SWIFT_OPTIMIZATION_LEVEL = "-Owholemodule";
				VALIDATE_PRODUCT = YES;
			};
			name = Release;
		};
		385F173556CE588068638C7A /* Debug */ = {
			isa = XCBuildConfiguration;
			buildSettings = {
				ALWAYS_SEARCH_USER_PATHS = NO;
				CLANG_ANALYZER_NONNULL = YES;
				CLANG_ANALYZER_NUMBER_OBJECT_CONVERSION = YES_AGGRESSIVE;
				CLANG_CXX_LANGUAGE_STANDARD = "gnu++14";
				CLANG_CXX_LIBRARY = "libc++";
				CLANG_ENABLE_MODULES = YES;
				CLANG_ENABLE_OBJC_ARC = YES;
				CLANG_ENABLE_OBJC_WEAK = YES;
				CLANG_WARN_BLOCK_CAPTURE_AUTORELEASING = YES;
				CLANG_WARN_BOOL_CONVERSION = YES;
				CLANG_WARN_COMMA = YES;
				CLANG_WARN_CONSTANT_CONVERSION = YES;
				CLANG_WARN_DEPRECATED_OBJC_IMPLEMENTATIONS = YES;
				CLANG_WARN_DIRECT_OBJC_ISA_USAGE = YES_ERROR;
				CLANG_WARN_DOCUMENTATION_COMMENTS = YES;
				CLANG_WARN_EMPTY_BODY = YES;
				CLANG_WARN_ENUM_CONVERSION = YES;
				CLANG_WARN_INFINITE_RECURSION = YES;
				CLANG_WARN_INT_CONVERSION = YES;
				CLANG_WARN_NON_LITERAL_NULL_CONVERSION = YES;
				CLANG_WARN_OBJC_IMPLICIT_RETAIN_SELF = YES;
				CLANG_WARN_OBJC_LITERAL_CONVERSION = YES;
				CLANG_WARN_OBJC_ROOT_CLASS = YES_ERROR;
				CLANG_WARN_RANGE_LOOP_ANALYSIS = YES;
				CLANG_WARN_STRICT_PROTOTYPES = YES;
				CLANG_WARN_SUSPICIOUS_MOVE = YES;
				CLANG_WARN_UNGUARDED_AVAILABILITY = YES_AGGRESSIVE;
				CLANG_WARN_UNREACHABLE_CODE = YES;
				CLANG_WARN__DUPLICATE_METHOD_MATCH = YES;
				COPY_PHASE_STRIP = NO;
				DEBUG_INFORMATION_FORMAT = dwarf;
				ENABLE_STRICT_OBJC_MSGSEND = YES;
				ENABLE_TESTABILITY = YES;
				GCC_C_LANGUAGE_STANDARD = gnu11;
				GCC_DYNAMIC_NO_PIC = NO;
				GCC_NO_COMMON_BLOCKS = YES;
				GCC_OPTIMIZATION_LEVEL = 0;
				GCC_PREPROCESSOR_DEFINITIONS = (
					"DEBUG=1",
					"$(inherited)",
				);
				GCC_WARN_64_TO_32_BIT_CONVERSION = YES;
				GCC_WARN_ABOUT_RETURN_TYPE = YES_ERROR;
				GCC_WARN_UNDECLARED_SELECTOR = YES;
				GCC_WARN_UNINITIALIZED_AUTOS = YES_AGGRESSIVE;
				GCC_WARN_UNUSED_FUNCTION = YES;
				GCC_WARN_UNUSED_VARIABLE = YES;
				IPHONEOS_DEPLOYMENT_TARGET = 11.0;
				MTL_ENABLE_DEBUG_INFO = INCLUDE_SOURCE;
				MTL_FAST_MATH = YES;
				ONLY_ACTIVE_ARCH = YES;
				SDKROOT = iphoneos;
				SWIFT_ACTIVE_COMPILATION_CONDITIONS = DEBUG;
				SWIFT_OPTIMIZATION_LEVEL = "-Onone";
			};
			name = Debug;
		};
		385F18F4758FFA8D3B87D249 /* Debug */ = {
			isa = XCBuildConfiguration;
			buildSettings = {
				ASSETCATALOG_COMPILER_APPICON_NAME = AppIcon;
				INFOPLIST_FILE = "App Code iOS Project/Info.plist";
				LD_RUNPATH_SEARCH_PATHS = "$(inherited) @executable_path/Frameworks";
				PRODUCT_BUNDLE_IDENTIFIER = "com.elye.App-Code-iOS-Project";
				PRODUCT_NAME = "$(TARGET_NAME)";
				SWIFT_VERSION = 5.0;
				TARGETED_DEVICE_FAMILY = "1,2";
			};
			name = Debug;
		};
		385F1AC92F01DB38C89C5E18 /* Release */ = {
			isa = XCBuildConfiguration;
			buildSettings = {
				ASSETCATALOG_COMPILER_APPICON_NAME = AppIcon;
				INFOPLIST_FILE = "App Code iOS Project/Info.plist";
				LD_RUNPATH_SEARCH_PATHS = "$(inherited) @executable_path/Frameworks";
				PRODUCT_BUNDLE_IDENTIFIER = "com.elye.App-Code-iOS-Project";
				PRODUCT_NAME = "$(TARGET_NAME)";
				SWIFT_VERSION = 5.0;
				TARGETED_DEVICE_FAMILY = "1,2";
			};
			name = Release;
		};
/* End XCBuildConfiguration section */

/* Begin XCConfigurationList section */
		385F10AA836B88EA4EAE30BD /* Build configuration list for PBXProject "App Code iOS Project" */ = {
			isa = XCConfigurationList;
			buildConfigurations = (
				385F173556CE588068638C7A /* Debug */,
				385F1711D7B0AD95F5FA8619 /* Release */,
			);
			defaultConfigurationIsVisible = 0;
			defaultConfigurationName = Release;
		};
		385F148AF8F0158A857D2CDF /* Build configuration list for PBXNativeTarget "App Code iOS Project" */ = {
			isa = XCConfigurationList;
			buildConfigurations = (
				385F18F4758FFA8D3B87D249 /* Debug */,
				385F1AC92F01DB38C89C5E18 /* Release */,
			);
			defaultConfigurationIsVisible = 0;
			defaultConfigurationName = Release;
		};
/* End XCConfigurationList section */
	};
	rootObject = 385F1880DC7D23339BB5A598 /* Project object */;
}
