<?xml version="1.0" encoding="UTF-8"?>
<Scheme
   version = "1.3">
   <BuildAction>
      <BuildActionEntries>
         <BuildActionEntry
            buildForRunning = "YES">
            <BuildableReference
               BuildableIdentifier = "primary"
               BlueprintIdentifier = "385F1440506FD4F4A172C455"
               BuildableName = "App Code iOS Project.app"
               BlueprintName = "App Code iOS Project"
               ReferencedContainer = "container:App Code iOS Project.xcodeproj">
            </BuildableReference>
         </BuildActionEntry>
      </BuildActionEntries>
   </BuildAction>
   <LaunchAction
      useCustomWorkingDirectory = "NO"
      buildConfiguration = "Debug"
      allowLocationSimulation = "YES">
      <BuildableProductRunnable>
         <BuildableReference
            BuildableIdentifier = "primary"
            BlueprintIdentifier = "385F1440506FD4F4A172C455"
            BuildableName = "App Code iOS Project.app"
            BlueprintName = "App Code iOS Project"
            ReferencedContainer = "container:App Code iOS Project.xcodeproj">
         </BuildableReference>
      </BuildableProductRunnable>
   </LaunchAction>
</Scheme>
